// !$*UTF8*$!
{
	archiveVersion = 1;
	classes = {
	};
	objectVersion = 50;
	objects = {

/* Begin PBXBuildFile section */
		D44848EB215A46B7007529BA /* AppDelegate.swift in Sources */ = {isa = PBXBuildFile; fileRef = D44848EA215A46B7007529BA /* AppDelegate.swift */; };
		D44848ED215A46B7007529BA /* ViewController.swift in Sources */ = {isa = PBXBuildFile; fileRef = D44848EC215A46B7007529BA /* ViewController.swift */; };
		D44848F0215A46B7007529BA /* Main.storyboard in Resources */ = {isa = PBXBuildFile; fileRef = D44848EE215A46B7007529BA /* Main.storyboard */; };
		D44848F2215A46B9007529BA /* Assets.xcassets in Resources */ = {isa = PBXBuildFile; fileRef = D44848F1215A46B9007529BA /* Assets.xcassets */; };
		D44848F5215A46B9007529BA /* LaunchScreen.storyboard in Resources */ = {isa = PBXBuildFile; fileRef = D44848F3215A46B9007529BA /* LaunchScreen.storyboard */; };
		D44848FD215A47F9007529BA /* ModeloPlanta.swift in Sources */ = {isa = PBXBuildFile; fileRef = D44848FC215A47F9007529BA /* ModeloPlanta.swift */; };
		D44848FF215A4872007529BA /* CollectionCell.swift in Sources */ = {isa = PBXBuildFile; fileRef = D44848FE215A4872007529BA /* CollectionCell.swift */; };
/* End PBXBuildFile section */

/* Begin PBXFileReference section */
		D44848E7215A46B7007529BA /* PlantaCollection.app */ = {isa = PBXFileReference; explicitFileType = wrapper.application; includeInIndex = 0; path = PlantaCollection.app; sourceTree = BUILT_PRODUCTS_DIR; };
		D44848EA215A46B7007529BA /* AppDelegate.swift */ = {isa = PBXFileReference; lastKnownFileType = sourcecode.swift; path = AppDelegate.swift; sourceTree = "<group>"; };
		D44848EC215A46B7007529BA /* ViewController.swift */ = {isa = PBXFileReference; lastKnownFileType = sourcecode.swift; path = ViewController.swift; sourceTree = "<group>"; };
		D44848EF215A46B7007529BA /* Base */ = {isa = PBXFileReference; lastKnownFileType = file.storyboard; name = Base; path = Base.lproj/Main.storyboard; sourceTree = "<group>"; };
		D44848F1215A46B9007529BA /* Assets.xcassets */ = {isa = PBXFileReference; lastKnownFileType = folder.assetcatalog; path = Assets.xcassets; sourceTree = "<group>"; };
		D44848F4215A46B9007529BA /* Base */ = {isa = PBXFileReference; lastKnownFileType = file.storyboard; name = Base; path = Base.lproj/LaunchScreen.storyboard; sourceTree = "<group>"; };
		D44848F6215A46B9007529BA /* Info.plist */ = {isa = PBXFileReference; lastKnownFileType = text.plist.xml; path = Info.plist; sourceTree = "<group>"; };
		D44848FC215A47F9007529BA /* ModeloPlanta.swift */ = {isa = PBXFileReference; fileEncoding = 4; lastKnownFileType = sourcecode.swift; path = ModeloPlanta.swift; sourceTree = "<group>"; };
		D44848FE215A4872007529BA /* CollectionCell.swift */ = {isa = PBXFileReference; lastKnownFileType = sourcecode.swift; path = CollectionCell.swift; sourceTree = "<group>"; };
/* End PBXFileReference section */

/* Begin PBXFrameworksBuildPhase section */
		D44848E4215A46B7007529BA /* Frameworks */ = {
			isa = PBXFrameworksBuildPhase;
			buildActionMask = 2147483647;
			files = (
			);
			runOnlyForDeploymentPostprocessing = 0;
		};
/* End PBXFrameworksBuildPhase section */

/* Begin PBXGroup section */
		D44848DE215A46B7007529BA = {
			isa = PBXGroup;
			children = (
				D44848E9215A46B7007529BA /* PlantaCollection */,
				D44848E8215A46B7007529BA /* Products */,
			);
			sourceTree = "<group>";
		};
		D44848E8215A46B7007529BA /* Products */ = {
			isa = PBXGroup;
			children = (
				D44848E7215A46B7007529BA /* PlantaCollection.app */,
			);
			name = Products;
			sourceTree = "<group>";
		};
		D44848E9215A46B7007529BA /* PlantaCollection */ = {
			isa = PBXGroup;
			children = (
				D44848EA215A46B7007529BA /* AppDelegate.swift */,
				D44848EC215A46B7007529BA /* ViewController.swift */,
				D44848FC215A47F9007529BA /* ModeloPlanta.swift */,
				D44848FE215A4872007529BA /* CollectionCell.swift */,
				D44848EE215A46B7007529BA /* Main.storyboard */,
				D44848F1215A46B9007529BA /* Assets.xcassets */,
				D44848F3215A46B9007529BA /* LaunchScreen.storyboard */,
				D44848F6215A46B9007529BA /* Info.plist */,
			);
			path = PlantaCollection;
			sourceTree = "<group>";
		};
/* End PBXGroup section */

/* Begin PBXNativeTarget section */
		D44848E6215A46B7007529BA /* PlantaCollection */ = {
			isa = PBXNativeTarget;
			buildConfigurationList = D44848F9215A46B9007529BA /* Build configuration list for PBXNativeTarget "PlantaCollection" */;
			buildPhases = (
				D44848E3215A46B7007529BA /* Sources */,
				D44848E4215A46B7007529BA /* Frameworks */,
				D44848E5215A46B7007529BA /* Resources */,
			);
			buildRules = (
			);
			dependencies = (
			);
			name = PlantaCollection;
			productName = PlantaCollection;
			productReference = D44848E7215A46B7007529BA /* PlantaCollection.app */;
			productType = "com.apple.product-type.application";
		};
/* End PBXNativeTarget section */

/* Begin PBXProject section */
		D44848DF215A46B7007529BA /* Project object */ = {
			isa = PBXProject;
			attributes = {
				LastSwiftUpdateCheck = 0930;
				LastUpgradeCheck = 0930;
				ORGANIZATIONNAME = Academy;
				TargetAttributes = {
					D44848E6215A46B7007529BA = {
						CreatedOnToolsVersion = 9.3;
					};
				};
			};
			buildConfigurationList = D44848E2215A46B7007529BA /* Build configuration list for PBXProject "PlantaCollection" */;
			compatibilityVersion = "Xcode 9.3";
			developmentRegion = en;
			hasScannedForEncodings = 0;
			knownRegions = (
				en,
				Base,
			);
			mainGroup = D44848DE215A46B7007529BA;
			productRefGroup = D44848E8215A46B7007529BA /* Products */;
			projectDirPath = "";
			projectRoot = "";
			targets = (
				D44848E6215A46B7007529BA /* PlantaCollection */,
			);
		};
/* End PBXProject section */

/* Begin PBXResourcesBuildPhase section */
		D44848E5215A46B7007529BA /* Resources */ = {
			isa = PBXResourcesBuildPhase;
			buildActionMask = 2147483647;
			files = (
				D44848F5215A46B9007529BA /* LaunchScreen.storyboard in Resources */,
				D44848F2215A46B9007529BA /* Assets.xcassets in Resources */,
				D44848F0215A46B7007529BA /* Main.storyboard in Resources */,
			);
			runOnlyForDeploymentPostprocessing = 0;
		};
/* End PBXResourcesBuildPhase section */

/* Begin PBXSourcesBuildPhase section */
		D44848E3215A46B7007529BA /* Sources */ = {
			isa = PBXSourcesBuildPhase;
			buildActionMask = 2147483647;
			files = (
				D44848FD215A47F9007529BA /* ModeloPlanta.swift in Sources */,
				D44848ED215A46B7007529BA /* ViewController.swift in Sources */,
				D44848EB215A46B7007529BA /* AppDelegate.swift in Sources */,
				D44848FF215A4872007529BA /* CollectionCell.swift in Sources */,
			);
			runOnlyForDeploymentPostprocessing = 0;
		};
/* End PBXSourcesBuildPhase section */

/* Begin PBXVariantGroup section */
		D44848EE215A46B7007529BA /* Main.storyboard */ = {
			isa = PBXVariantGroup;
			children = (
				D44848EF215A46B7007529BA /* Base */,
			);
			name = Main.storyboard;
			sourceTree = "<group>";
		};
		D44848F3215A46B9007529BA /* LaunchScreen.storyboard */ = {
			isa = PBXVariantGroup;
			children = (
				D44848F4215A46B9007529BA /* Base */,
			);
			name = LaunchScreen.storyboard;
			sourceTree = "<group>";
		};
/* End PBXVariantGroup section */

/* Begin XCBuildConfiguration section */
		D44848F7215A46B9007529BA /* Debug */ = {
			isa = XCBuildConfiguration;
			buildSettings = {
				ALWAYS_SEARCH_USER_PATHS = NO;
				CLANG_ANALYZER_NONNULL = YES;
				CLANG_ANALYZER_NUMBER_OBJECT_CONVERSION = YES_AGGRESSIVE;
				CLANG_CXX_LANGUAGE_STANDARD = "gnu++14";
				CLANG_CXX_LIBRARY = "libc++";
				CLANG_ENABLE_MODULES = YES;
				CLANG_ENABLE_OBJC_ARC = YES;
				CLANG_ENABLE_OBJC_WEAK = YES;
				CLANG_WARN_BLOCK_CAPTURE_AUTORELEASING = YES;
				CLANG_WARN_BOOL_CONVERSION = YES;
				CLANG_WARN_COMMA = YES;
				CLANG_WARN_CONSTANT_CONVERSION = YES;
				CLANG_WARN_DEPRECATED_OBJC_IMPLEMENTATIONS = YES;
				CLANG_WARN_DIRECT_OBJC_ISA_USAGE = YES_ERROR;
				CLANG_WARN_DOCUMENTATION_COMMENTS = YES;
				CLANG_WARN_EMPTY_BODY = YES;
				CLANG_WARN_ENUM_CONVERSION = YES;
				CLANG_WARN_INFINITE_RECURSION = YES;
				CLANG_WARN_INT_CONVERSION = YES;
				CLANG_WARN_NON_LITERAL_NULL_CONVERSION = YES;
				CLANG_WARN_OBJC_IMPLICIT_RETAIN_SELF = YES;
				CLANG_WARN_OBJC_LITERAL_CONVERSION = YES;
				CLANG_WARN_OBJC_ROOT_CLASS = YES_ERROR;
				CLANG_WARN_RANGE_LOOP_ANALYSIS = YES;
				CLANG_WARN_STRICT_PROTOTYPES = YES;
				CLANG_WARN_SUSPICIOUS_MOVE = YES;
				CLANG_WARN_UNGUARDED_AVAILABILITY = YES_AGGRESSIVE;
				CLANG_WARN_UNREACHABLE_CODE = YES;
				CLANG_WARN__DUPLICATE_METHOD_MATCH = YES;
				CODE_SIGN_IDENTITY = "iPhone Developer";
				COPY_PHASE_STRIP = NO;
				DEBUG_INFORMATION_FORMAT = dwarf;
				ENABLE_STRICT_OBJC_MSGSEND = YES;
				ENABLE_TESTABILITY = YES;
				GCC_C_LANGUAGE_STANDARD = gnu11;
				GCC_DYNAMIC_NO_PIC = NO;
				GCC_NO_COMMON_BLOCKS = YES;
				GCC_OPTIMIZATION_LEVEL = 0;
				GCC_PREPROCESSOR_DEFINITIONS = (
					"DEBUG=1",
					"$(inherited)",
				);
				GCC_WARN_64_TO_32_BIT_CONVERSION = YES;
				GCC_WARN_ABOUT_RETURN_TYPE = YES_ERROR;
				GCC_WARN_UNDECLARED_SELECTOR = YES;
				GCC_WARN_UNINITIALIZED_AUTOS = YES_AGGRESSIVE;
				GCC_WARN_UNUSED_FUNCTION = YES;
				GCC_WARN_UNUSED_VARIABLE = YES;
				IPHONEOS_DEPLOYMENT_TARGET = 11.3;
				MTL_ENABLE_DEBUG_INFO = YES;
				ONLY_ACTIVE_ARCH = YES;
				SDKROOT = iphoneos;
				SWIFT_ACTIVE_COMPILATION_CONDITIONS = DEBUG;
				SWIFT_OPTIMIZATION_LEVEL = "-Onone";
			};
			name = Debug;
		};
		D44848F8215A46B9007529BA /* Release */ = {
			isa = XCBuildConfiguration;
			buildSettings = {
				ALWAYS_SEARCH_USER_PATHS = NO;
				CLANG_ANALYZER_NONNULL = YES;
				CLANG_ANALYZER_NUMBER_OBJECT_CONVERSION = YES_AGGRESSIVE;
				CLANG_CXX_LANGUAGE_STANDARD = "gnu++14";
				CLANG_CXX_LIBRARY = "libc++";
				CLANG_ENABLE_MODULES = YES;
				CLANG_ENABLE_OBJC_ARC = YES;
				CLANG_ENABLE_OBJC_WEAK = YES;
				CLANG_WARN_BLOCK_CAPTURE_AUTORELEASING = YES;
				CLANG_WARN_BOOL_CONVERSION = YES;
				CLANG_WARN_COMMA = YES;
				CLANG_WARN_CONSTANT_CONVERSION = YES;
				CLANG_WARN_DEPRECATED_OBJC_IMPLEMENTATIONS = YES;
				CLANG_WARN_DIRECT_OBJC_ISA_USAGE = YES_ERROR;
				CLANG_WARN_DOCUMENTATION_COMMENTS = YES;
				CLANG_WARN_EMPTY_BODY = YES;
				CLANG_WARN_ENUM_CONVERSION = YES;
				CLANG_WARN_INFINITE_RECURSION = YES;
				CLANG_WARN_INT_CONVERSION = YES;
				CLANG_WARN_NON_LITERAL_NULL_CONVERSION = YES;
				CLANG_WARN_OBJC_IMPLICIT_RETAIN_SELF = YES;
				CLANG_WARN_OBJC_LITERAL_CONVERSION = YES;
				CLANG_WARN_OBJC_ROOT_CLASS = YES_ERROR;
				CLANG_WARN_RANGE_LOOP_ANALYSIS = YES;
				CLANG_WARN_STRICT_PROTOTYPES = YES;
				CLANG_WARN_SUSPICIOUS_MOVE = YES;
				CLANG_WARN_UNGUARDED_AVAILABILITY = YES_AGGRESSIVE;
				CLANG_WARN_UNREACHABLE_CODE = YES;
				CLANG_WARN__DUPLICATE_METHOD_MATCH = YES;
				CODE_SIGN_IDENTITY = "iPhone Developer";
				COPY_PHASE_STRIP = NO;
				DEBUG_INFORMATION_FORMAT = "dwarf-with-dsym";
				ENABLE_NS_ASSERTIONS = NO;
				ENABLE_STRICT_OBJC_MSGSEND = YES;
				GCC_C_LANGUAGE_STANDARD = gnu11;
				GCC_NO_COMMON_BLOCKS = YES;
				GCC_WARN_64_TO_32_BIT_CONVERSION = YES;
				GCC_WARN_ABOUT_RETURN_TYPE = YES_ERROR;
				GCC_WARN_UNDECLARED_SELECTOR = YES;
				GCC_WARN_UNINITIALIZED_AUTOS = YES_AGGRESSIVE;
				GCC_WARN_UNUSED_FUNCTION = YES;
				GCC_WARN_UNUSED_VARIABLE = YES;
				IPHONEOS_DEPLOYMENT_TARGET = 11.3;
				MTL_ENABLE_DEBUG_INFO = NO;
				SDKROOT = iphoneos;
				SWIFT_COMPILATION_MODE = wholemodule;
				SWIFT_OPTIMIZATION_LEVEL = "-O";
				VALIDATE_PRODUCT = YES;
			};
			name = Release;
		};
		D44848FA215A46B9007529BA /* Debug */ = {
			isa = XCBuildConfiguration;
			buildSettings = {
				ASSETCATALOG_COMPILER_APPICON_NAME = AppIcon;
				CODE_SIGN_STYLE = Automatic;
				DEVELOPMENT_TEAM = A975LQD622;
				INFOPLIST_FILE = PlantaCollection/Info.plist;
				LD_RUNPATH_SEARCH_PATHS = (
					"$(inherited)",
					"@executable_path/Frameworks",
				);
				PRODUCT_BUNDLE_IDENTIFIER = Academy.PlantaCollection;
				PRODUCT_NAME = "$(TARGET_NAME)";
				SWIFT_VERSION = 4.0;
				TARGETED_DEVICE_FAMILY = "1,2";
			};
			name = Debug;
		};
		D44848FB215A46B9007529BA /* Release */ = {
			isa = XCBuildConfiguration;
			buildSettings = {
				ASSETCATALOG_COMPILER_APPICON_NAME = AppIcon;
				CODE_SIGN_STYLE = Automatic;
				DEVELOPMENT_TEAM = A975LQD622;
				INFOPLIST_FILE = PlantaCollection/Info.plist;
				LD_RUNPATH_SEARCH_PATHS = (
					"$(inherited)",
					"@executable_path/Frameworks",
				);
				PRODUCT_BUNDLE_IDENTIFIER = Academy.PlantaCollection;
				PRODUCT_NAME = "$(TARGET_NAME)";
				SWIFT_VERSION = 4.0;
				TARGETED_DEVICE_FAMILY = "1,2";
			};
			name = Release;
		};
/* End XCBuildConfiguration section */

/* Begin XCConfigurationList section */
		D44848E2215A46B7007529BA /* Build configuration list for PBXProject "PlantaCollection" */ = {
			isa = XCConfigurationList;
			buildConfigurations = (
				D44848F7215A46B9007529BA /* Debug */,
				D44848F8215A46B9007529BA /* Release */,
			);
			defaultConfigurationIsVisible = 0;
			defaultConfigurationName = Release;
		};
		D44848F9215A46B9007529BA /* Build configuration list for PBXNativeTarget "PlantaCollection" */ = {
			isa = XCConfigurationList;
			buildConfigurations = (
				D44848FA215A46B9007529BA /* Debug */,
				D44848FB215A46B9007529BA /* Release */,
			);
			defaultConfigurationIsVisible = 0;
			defaultConfigurationName = Release;
		};
/* End XCConfigurationList section */
	};
	rootObject = D44848DF215A46B7007529BA /* Project object */;
}
